// !$*UTF8*$!
{
	archiveVersion = 1;
	classes = {
	};
	objectVersion = 46;
	objects = {

/* Begin PBXBuildFile section */
		C5CEDC4F1C97CB0E00467231 /* simplenn.h in Headers */ = {isa = PBXBuildFile; fileRef = C5CEDC4E1C97CB0E00467231 /* simplenn.h */; settings = {ATTRIBUTES = (Public, ); }; };
		C5CEDC581C97CB2F00467231 /* Neuron.h in Headers */ = {isa = PBXBuildFile; fileRef = C5CEDC561C97CB2F00467231 /* Neuron.h */; settings = {ATTRIBUTES = (Public, ); }; };
		C5CEDC591C97CB2F00467231 /* Neuron.m in Sources */ = {isa = PBXBuildFile; fileRef = C5CEDC571C97CB2F00467231 /* Neuron.m */; };
		C5CEDC5D1C97CCAD00467231 /* StaticNeuron.h in Headers */ = {isa = PBXBuildFile; fileRef = C5CEDC5B1C97CCAD00467231 /* StaticNeuron.h */; settings = {ATTRIBUTES = (Public, ); }; };
		C5CEDC5E1C97CCAD00467231 /* StaticNeuron.m in Sources */ = {isa = PBXBuildFile; fileRef = C5CEDC5C1C97CCAD00467231 /* StaticNeuron.m */; };
/* End PBXBuildFile section */

/* Begin PBXFileReference section */
		C5CEDC4B1C97CB0E00467231 /* simplenn.framework */ = {isa = PBXFileReference; explicitFileType = wrapper.framework; includeInIndex = 0; path = simplenn.framework; sourceTree = BUILT_PRODUCTS_DIR; };
		C5CEDC4E1C97CB0E00467231 /* simplenn.h */ = {isa = PBXFileReference; lastKnownFileType = sourcecode.c.h; path = simplenn.h; sourceTree = "<group>"; };
		C5CEDC501C97CB0E00467231 /* Info.plist */ = {isa = PBXFileReference; lastKnownFileType = text.plist.xml; path = Info.plist; sourceTree = "<group>"; };
		C5CEDC561C97CB2F00467231 /* Neuron.h */ = {isa = PBXFileReference; fileEncoding = 4; lastKnownFileType = sourcecode.c.h; path = Neuron.h; sourceTree = "<group>"; };
		C5CEDC571C97CB2F00467231 /* Neuron.m */ = {isa = PBXFileReference; fileEncoding = 4; lastKnownFileType = sourcecode.c.objc; path = Neuron.m; sourceTree = "<group>"; };
		C5CEDC5B1C97CCAD00467231 /* StaticNeuron.h */ = {isa = PBXFileReference; fileEncoding = 4; lastKnownFileType = sourcecode.c.h; path = StaticNeuron.h; sourceTree = "<group>"; };
		C5CEDC5C1C97CCAD00467231 /* StaticNeuron.m */ = {isa = PBXFileReference; fileEncoding = 4; lastKnownFileType = sourcecode.c.objc; path = StaticNeuron.m; sourceTree = "<group>"; };
/* End PBXFileReference section */

/* Begin PBXFrameworksBuildPhase section */
		C5CEDC471C97CB0E00467231 /* Frameworks */ = {
			isa = PBXFrameworksBuildPhase;
			buildActionMask = 2147483647;
			files = (
			);
			runOnlyForDeploymentPostprocessing = 0;
		};
/* End PBXFrameworksBuildPhase section */

/* Begin PBXGroup section */
		C5CEDC411C97CB0E00467231 = {
			isa = PBXGroup;
			children = (
				C5CEDC4D1C97CB0E00467231 /* simplenn */,
				C5CEDC4C1C97CB0E00467231 /* Products */,
			);
			sourceTree = "<group>";
		};
		C5CEDC4C1C97CB0E00467231 /* Products */ = {
			isa = PBXGroup;
			children = (
				C5CEDC4B1C97CB0E00467231 /* simplenn.framework */,
			);
			name = Products;
			sourceTree = "<group>";
		};
		C5CEDC4D1C97CB0E00467231 /* simplenn */ = {
			isa = PBXGroup;
			children = (
				C5CEDC5A1C97CB3400467231 /* Neurons */,
				C5CEDC4E1C97CB0E00467231 /* simplenn.h */,
				C5CEDC501C97CB0E00467231 /* Info.plist */,
			);
			path = simplenn;
			sourceTree = "<group>";
		};
		C5CEDC5A1C97CB3400467231 /* Neurons */ = {
			isa = PBXGroup;
			children = (
				C5CEDC561C97CB2F00467231 /* Neuron.h */,
				C5CEDC571C97CB2F00467231 /* Neuron.m */,
				C5CEDC5B1C97CCAD00467231 /* StaticNeuron.h */,
				C5CEDC5C1C97CCAD00467231 /* StaticNeuron.m */,
			);
			name = Neurons;
			sourceTree = "<group>";
		};
/* End PBXGroup section */

/* Begin PBXHeadersBuildPhase section */
		C5CEDC481C97CB0E00467231 /* Headers */ = {
			isa = PBXHeadersBuildPhase;
			buildActionMask = 2147483647;
			files = (
				C5CEDC5D1C97CCAD00467231 /* StaticNeuron.h in Headers */,
				C5CEDC4F1C97CB0E00467231 /* simplenn.h in Headers */,
				C5CEDC581C97CB2F00467231 /* Neuron.h in Headers */,
			);
			runOnlyForDeploymentPostprocessing = 0;
		};
/* End PBXHeadersBuildPhase section */

/* Begin PBXNativeTarget section */
		C5CEDC4A1C97CB0E00467231 /* simplenn */ = {
			isa = PBXNativeTarget;
			buildConfigurationList = C5CEDC531C97CB0E00467231 /* Build configuration list for PBXNativeTarget "simplenn" */;
			buildPhases = (
				C5CEDC461C97CB0E00467231 /* Sources */,
				C5CEDC471C97CB0E00467231 /* Frameworks */,
				C5CEDC481C97CB0E00467231 /* Headers */,
				C5CEDC491C97CB0E00467231 /* Resources */,
			);
			buildRules = (
			);
			dependencies = (
			);
			name = simplenn;
			productName = simplenn;
			productReference = C5CEDC4B1C97CB0E00467231 /* simplenn.framework */;
			productType = "com.apple.product-type.framework";
		};
/* End PBXNativeTarget section */

/* Begin PBXProject section */
		C5CEDC421C97CB0E00467231 /* Project object */ = {
			isa = PBXProject;
			attributes = {
				LastUpgradeCheck = 0900;
				ORGANIZATIONNAME = "Milestone Made";
				TargetAttributes = {
					C5CEDC4A1C97CB0E00467231 = {
						CreatedOnToolsVersion = 7.2.1;
					};
				};
			};
			buildConfigurationList = C5CEDC451C97CB0E00467231 /* Build configuration list for PBXProject "simplenn" */;
			compatibilityVersion = "Xcode 3.2";
			developmentRegion = English;
			hasScannedForEncodings = 0;
			knownRegions = (
				en,
			);
			mainGroup = C5CEDC411C97CB0E00467231;
			productRefGroup = C5CEDC4C1C97CB0E00467231 /* Products */;
			projectDirPath = "";
			projectRoot = "";
			targets = (
				C5CEDC4A1C97CB0E00467231 /* simplenn */,
			);
		};
/* End PBXProject section */

/* Begin PBXResourcesBuildPhase section */
		C5CEDC491C97CB0E00467231 /* Resources */ = {
			isa = PBXResourcesBuildPhase;
			buildActionMask = 2147483647;
			files = (
			);
			runOnlyForDeploymentPostprocessing = 0;
		};
/* End PBXResourcesBuildPhase section */

/* Begin PBXSourcesBuildPhase section */
		C5CEDC461C97CB0E00467231 /* Sources */ = {
			isa = PBXSourcesBuildPhase;
			buildActionMask = 2147483647;
			files = (
				C5CEDC5E1C97CCAD00467231 /* StaticNeuron.m in Sources */,
				C5CEDC591C97CB2F00467231 /* Neuron.m in Sources */,
			);
			runOnlyForDeploymentPostprocessing = 0;
		};
/* End PBXSourcesBuildPhase section */

/* Begin XCBuildConfiguration section */
		C5CEDC511C97CB0E00467231 /* Debug */ = {
			isa = XCBuildConfiguration;
			buildSettings = {
				ALWAYS_SEARCH_USER_PATHS = NO;
				CLANG_CXX_LANGUAGE_STANDARD = "gnu++0x";
				CLANG_CXX_LIBRARY = "libc++";
				CLANG_ENABLE_MODULES = YES;
				CLANG_ENABLE_OBJC_ARC = YES;
				CLANG_WARN_BLOCK_CAPTURE_AUTORELEASING = YES;
				CLANG_WARN_BOOL_CONVERSION = YES;
				CLANG_WARN_COMMA = YES;
				CLANG_WARN_CONSTANT_CONVERSION = YES;
				CLANG_WARN_DIRECT_OBJC_ISA_USAGE = YES_ERROR;
				CLANG_WARN_EMPTY_BODY = YES;
				CLANG_WARN_ENUM_CONVERSION = YES;
				CLANG_WARN_INFINITE_RECURSION = YES;
				CLANG_WARN_INT_CONVERSION = YES;
				CLANG_WARN_NON_LITERAL_NULL_CONVERSION = YES;
				CLANG_WARN_OBJC_LITERAL_CONVERSION = YES;
				CLANG_WARN_OBJC_ROOT_CLASS = YES_ERROR;
				CLANG_WARN_RANGE_LOOP_ANALYSIS = YES;
				CLANG_WARN_STRICT_PROTOTYPES = YES;
				CLANG_WARN_SUSPICIOUS_MOVE = YES;
				CLANG_WARN_UNREACHABLE_CODE = YES;
				CLANG_WARN__DUPLICATE_METHOD_MATCH = YES;
				"CODE_SIGN_IDENTITY[sdk=iphoneos*]" = "iPhone Developer";
				COPY_PHASE_STRIP = NO;
				CURRENT_PROJECT_VERSION = 1;
				DEBUG_INFORMATION_FORMAT = dwarf;
				ENABLE_STRICT_OBJC_MSGSEND = YES;
				ENABLE_TESTABILITY = YES;
				GCC_C_LANGUAGE_STANDARD = gnu99;
				GCC_DYNAMIC_NO_PIC = NO;
				GCC_NO_COMMON_BLOCKS = YES;
				GCC_OPTIMIZATION_LEVEL = 0;
				GCC_PREPROCESSOR_DEFINITIONS = (
					"DEBUG=1",
					"$(inherited)",
				);
				GCC_WARN_64_TO_32_BIT_CONVERSION = YES;
				GCC_WARN_ABOUT_RETURN_TYPE = YES_ERROR;
				GCC_WARN_UNDECLARED_SELECTOR = YES;
				GCC_WARN_UNINITIALIZED_AUTOS = YES_AGGRESSIVE;
				GCC_WARN_UNUSED_FUNCTION = YES;
				GCC_WARN_UNUSED_VARIABLE = YES;
				IPHONEOS_DEPLOYMENT_TARGET = 9.2;
				MTL_ENABLE_DEBUG_INFO = YES;
				ONLY_ACTIVE_ARCH = YES;
				SDKROOT = iphoneos;
				TARGETED_DEVICE_FAMILY = "1,2";
				VERSIONING_SYSTEM = "apple-generic";
				VERSION_INFO_PREFIX = "";
			};
			name = Debug;
		};
		C5CEDC521C97CB0E00467231 /* Release */ = {
			isa = XCBuildConfiguration;
			buildSettings = {
				ALWAYS_SEARCH_USER_PATHS = NO;
				CLANG_CXX_LANGUAGE_STANDARD = "gnu++0x";
				CLANG_CXX_LIBRARY = "libc++";
				CLANG_ENABLE_MODULES = YES;
				CLANG_ENABLE_OBJC_ARC = YES;
				CLANG_WARN_BLOCK_CAPTURE_AUTORELEASING = YES;
				CLANG_WARN_BOOL_CONVERSION = YES;
				CLANG_WARN_COMMA = YES;
				CLANG_WARN_CONSTANT_CONVERSION = YES;
				CLANG_WARN_DIRECT_OBJC_ISA_USAGE = YES_ERROR;
				CLANG_WARN_EMPTY_BODY = YES;
				CLANG_WARN_ENUM_CONVERSION = YES;
				CLANG_WARN_INFINITE_RECURSION = YES;
				CLANG_WARN_INT_CONVERSION = YES;
				CLANG_WARN_NON_LITERAL_NULL_CONVERSION = YES;
				CLANG_WARN_OBJC_LITERAL_CONVERSION = YES;
				CLANG_WARN_OBJC_ROOT_CLASS = YES_ERROR;
				CLANG_WARN_RANGE_LOOP_ANALYSIS = YES;
				CLANG_WARN_STRICT_PROTOTYPES = YES;
				CLANG_WARN_SUSPICIOUS_MOVE = YES;
				CLANG_WARN_UNREACHABLE_CODE = YES;
				CLANG_WARN__DUPLICATE_METHOD_MATCH = YES;
				"CODE_SIGN_IDENTITY[sdk=iphoneos*]" = "iPhone Developer";
				COPY_PHASE_STRIP = NO;
				CURRENT_PROJECT_VERSION = 1;
				DEBUG_INFORMATION_FORMAT = "dwarf-with-dsym";
				ENABLE_NS_ASSERTIONS = NO;
				ENABLE_STRICT_OBJC_MSGSEND = YES;
				GCC_C_LANGUAGE_STANDARD = gnu99;
				GCC_NO_COMMON_BLOCKS = YES;
				GCC_WARN_64_TO_32_BIT_CONVERSION = YES;
				GCC_WARN_ABOUT_RETURN_TYPE = YES_ERROR;
				GCC_WARN_UNDECLARED_SELECTOR = YES;
				GCC_WARN_UNINITIALIZED_AUTOS = YES_AGGRESSIVE;
				GCC_WARN_UNUSED_FUNCTION = YES;
				GCC_WARN_UNUSED_VARIABLE = YES;
				IPHONEOS_DEPLOYMENT_TARGET = 9.2;
				MTL_ENABLE_DEBUG_INFO = NO;
				SDKROOT = iphoneos;
				TARGETED_DEVICE_FAMILY = "1,2";
				VALIDATE_PRODUCT = YES;
				VERSIONING_SYSTEM = "apple-generic";
				VERSION_INFO_PREFIX = "";
			};
			name = Release;
		};
		C5CEDC541C97CB0E00467231 /* Debug */ = {
			isa = XCBuildConfiguration;
			buildSettings = {
				"CODE_SIGN_IDENTITY[sdk=iphoneos*]" = "";
				DEFINES_MODULE = YES;
				DYLIB_COMPATIBILITY_VERSION = 1;
				DYLIB_CURRENT_VERSION = 1;
				DYLIB_INSTALL_NAME_BASE = "@rpath";
				INFOPLIST_FILE = simplenn/Info.plist;
				INSTALL_PATH = "$(LOCAL_LIBRARY_DIR)/Frameworks";
				LD_RUNPATH_SEARCH_PATHS = "$(inherited) @executable_path/Frameworks @loader_path/Frameworks";
				PRODUCT_BUNDLE_IDENTIFIER = com.milestonemade.simplenn;
				PRODUCT_NAME = "$(TARGET_NAME)";
				SKIP_INSTALL = YES;
			};
			name = Debug;
		};
		C5CEDC551C97CB0E00467231 /* Release */ = {
			isa = XCBuildConfiguration;
			buildSettings = {
				"CODE_SIGN_IDENTITY[sdk=iphoneos*]" = "";
				DEFINES_MODULE = YES;
				DYLIB_COMPATIBILITY_VERSION = 1;
				DYLIB_CURRENT_VERSION = 1;
				DYLIB_INSTALL_NAME_BASE = "@rpath";
				INFOPLIST_FILE = simplenn/Info.plist;
				INSTALL_PATH = "$(LOCAL_LIBRARY_DIR)/Frameworks";
				LD_RUNPATH_SEARCH_PATHS = "$(inherited) @executable_path/Frameworks @loader_path/Frameworks";
				PRODUCT_BUNDLE_IDENTIFIER = com.milestonemade.simplenn;
				PRODUCT_NAME = "$(TARGET_NAME)";
				SKIP_INSTALL = YES;
			};
			name = Release;
		};
/* End XCBuildConfiguration section */

/* Begin XCConfigurationList section */
		C5CEDC451C97CB0E00467231 /* Build configuration list for PBXProject "simplenn" */ = {
			isa = XCConfigurationList;
			buildConfigurations = (
				C5CEDC511C97CB0E00467231 /* Debug */,
				C5CEDC521C97CB0E00467231 /* Release */,
			);
			defaultConfigurationIsVisible = 0;
			defaultConfigurationName = Release;
		};
		C5CEDC531C97CB0E00467231 /* Build configuration list for PBXNativeTarget "simplenn" */ = {
			isa = XCConfigurationList;
			buildConfigurations = (
				C5CEDC541C97CB0E00467231 /* Debug */,
				C5CEDC551C97CB0E00467231 /* Release */,
			);
			defaultConfigurationIsVisible = 0;
			defaultConfigurationName = Release;
		};
/* End XCConfigurationList section */
	};
	rootObject = C5CEDC421C97CB0E00467231 /* Project object */;
}
