// !$*UTF8*$!
{
	archiveVersion = 1;
	classes = {
	};
	objectVersion = 46;
	objects = {

/* Begin PBXBuildFile section */
		66309CF21AC48E9900FACEF9 /* MMNeuron.m in Sources */ = {isa = PBXBuildFile; fileRef = 66309CF11AC48E9900FACEF9 /* MMNeuron.m */; };
		66343C161ABF5BB500801962 /* main.m in Sources */ = {isa = PBXBuildFile; fileRef = 66343C151ABF5BB500801962 /* main.m */; };
		66343C191ABF5BB500801962 /* AppDelegate.m in Sources */ = {isa = PBXBuildFile; fileRef = 66343C181ABF5BB500801962 /* AppDelegate.m */; };
		66343C1C1ABF5BB500801962 /* MMPhysicsViewController.m in Sources */ = {isa = PBXBuildFile; fileRef = 66343C1B1ABF5BB500801962 /* MMPhysicsViewController.m */; };
		66343C211ABF5BB500801962 /* Images.xcassets in Resources */ = {isa = PBXBuildFile; fileRef = 66343C201ABF5BB500801962 /* Images.xcassets */; };
		66343C3D1ABF5D2900801962 /* MMPhysicsView.m in Sources */ = {isa = PBXBuildFile; fileRef = 66343C3C1ABF5D2900801962 /* MMPhysicsView.m */; };
		6651B8BB1ACDCEEA008B1016 /* SaveLoadManager.m in Sources */ = {isa = PBXBuildFile; fileRef = 6651B8BA1ACDCEEA008B1016 /* SaveLoadManager.m */; };
		66625FE51AC21E460025F441 /* MMPointPropsView.m in Sources */ = {isa = PBXBuildFile; fileRef = 66625FE41AC21E460025F441 /* MMPointPropsView.m */; };
		66664EA11AD06D7E001D1C3D /* Renderable.m in Sources */ = {isa = PBXBuildFile; fileRef = 66664EA01AD06D7E001D1C3D /* Renderable.m */; };
		66677C5F1ACBA6D6003A6723 /* SidebarView.m in Sources */ = {isa = PBXBuildFile; fileRef = 66677C5E1ACBA6D6003A6723 /* SidebarView.m */; };
		666E0A661AC0924D0018289C /* MMPoint.m in Sources */ = {isa = PBXBuildFile; fileRef = 666E0A651AC0924D0018289C /* MMPoint.m */; };
		668337FE1ACF1EAB00FEE908 /* LoadingDeviceView.m in Sources */ = {isa = PBXBuildFile; fileRef = 668337FD1ACF1EAB00FEE908 /* LoadingDeviceView.m */; };
		669115B01AE97C0500C4FC89 /* CustomRotationGesture.m in Sources */ = {isa = PBXBuildFile; fileRef = 669115AF1AE97C0500C4FC89 /* CustomRotationGesture.m */; };
		6695851F1ACC7BFC002C359C /* MMStickPropsView.m in Sources */ = {isa = PBXBuildFile; fileRef = 6695851E1ACC7BFC002C359C /* MMStickPropsView.m */; };
		66A490011AC5E91500CC21BA /* InstantPanGestureRecognizer.m in Sources */ = {isa = PBXBuildFile; fileRef = 66A490001AC5E91500CC21BA /* InstantPanGestureRecognizer.m */; };
		66D210E11AD1D729001E733C /* PropertiesView.m in Sources */ = {isa = PBXBuildFile; fileRef = 66D210E01AD1D729001E733C /* PropertiesView.m */; };
		66F148E91AF801A20058D145 /* MMPhysicsObject.m in Sources */ = {isa = PBXBuildFile; fileRef = 66F148E81AF801A20058D145 /* MMPhysicsObject.m */; };
		C50635A71C9BC96500545AB0 /* MMWeight.m in Sources */ = {isa = PBXBuildFile; fileRef = C50635A61C9BC96500545AB0 /* MMWeight.m */; };
		C50635AA1C9BCAE800545AB0 /* MMStick.m in Sources */ = {isa = PBXBuildFile; fileRef = C50635A91C9BCAE800545AB0 /* MMStick.m */; };
/* End PBXBuildFile section */

/* Begin PBXFileReference section */
		66309CF01AC48E9900FACEF9 /* MMNeuron.h */ = {isa = PBXFileReference; fileEncoding = 4; lastKnownFileType = sourcecode.c.h; path = MMNeuron.h; sourceTree = "<group>"; };
		66309CF11AC48E9900FACEF9 /* MMNeuron.m */ = {isa = PBXFileReference; fileEncoding = 4; lastKnownFileType = sourcecode.c.objc; path = MMNeuron.m; sourceTree = "<group>"; };
		66343C101ABF5BB500801962 /* simple-nn-vis.app */ = {isa = PBXFileReference; explicitFileType = wrapper.application; includeInIndex = 0; path = "simple-nn-vis.app"; sourceTree = BUILT_PRODUCTS_DIR; };
		66343C141ABF5BB500801962 /* Info.plist */ = {isa = PBXFileReference; lastKnownFileType = text.plist.xml; path = Info.plist; sourceTree = "<group>"; };
		66343C151ABF5BB500801962 /* main.m */ = {isa = PBXFileReference; lastKnownFileType = sourcecode.c.objc; path = main.m; sourceTree = "<group>"; };
		66343C171ABF5BB500801962 /* AppDelegate.h */ = {isa = PBXFileReference; lastKnownFileType = sourcecode.c.h; path = AppDelegate.h; sourceTree = "<group>"; };
		66343C181ABF5BB500801962 /* AppDelegate.m */ = {isa = PBXFileReference; lastKnownFileType = sourcecode.c.objc; path = AppDelegate.m; sourceTree = "<group>"; };
		66343C1A1ABF5BB500801962 /* MMPhysicsViewController.h */ = {isa = PBXFileReference; lastKnownFileType = sourcecode.c.h; path = MMPhysicsViewController.h; sourceTree = "<group>"; };
		66343C1B1ABF5BB500801962 /* MMPhysicsViewController.m */ = {isa = PBXFileReference; lastKnownFileType = sourcecode.c.objc; path = MMPhysicsViewController.m; sourceTree = "<group>"; };
		66343C201ABF5BB500801962 /* Images.xcassets */ = {isa = PBXFileReference; lastKnownFileType = folder.assetcatalog; path = Images.xcassets; sourceTree = "<group>"; };
		66343C3B1ABF5D2900801962 /* MMPhysicsView.h */ = {isa = PBXFileReference; fileEncoding = 4; lastKnownFileType = sourcecode.c.h; path = MMPhysicsView.h; sourceTree = "<group>"; };
		66343C3C1ABF5D2900801962 /* MMPhysicsView.m */ = {isa = PBXFileReference; fileEncoding = 4; lastKnownFileType = sourcecode.c.objc; path = MMPhysicsView.m; sourceTree = "<group>"; };
		6651B8B91ACDCEEA008B1016 /* SaveLoadManager.h */ = {isa = PBXFileReference; fileEncoding = 4; lastKnownFileType = sourcecode.c.h; path = SaveLoadManager.h; sourceTree = "<group>"; };
		6651B8BA1ACDCEEA008B1016 /* SaveLoadManager.m */ = {isa = PBXFileReference; fileEncoding = 4; lastKnownFileType = sourcecode.c.objc; path = SaveLoadManager.m; sourceTree = "<group>"; };
		66625FE31AC21E460025F441 /* MMPointPropsView.h */ = {isa = PBXFileReference; fileEncoding = 4; lastKnownFileType = sourcecode.c.h; path = MMPointPropsView.h; sourceTree = "<group>"; };
		66625FE41AC21E460025F441 /* MMPointPropsView.m */ = {isa = PBXFileReference; fileEncoding = 4; lastKnownFileType = sourcecode.c.objc; path = MMPointPropsView.m; sourceTree = "<group>"; };
		66664E9F1AD06D7E001D1C3D /* Renderable.h */ = {isa = PBXFileReference; fileEncoding = 4; lastKnownFileType = sourcecode.c.h; path = Renderable.h; sourceTree = "<group>"; };
		66664EA01AD06D7E001D1C3D /* Renderable.m */ = {isa = PBXFileReference; fileEncoding = 4; lastKnownFileType = sourcecode.c.objc; path = Renderable.m; sourceTree = "<group>"; };
		66677C5D1ACBA6D6003A6723 /* SidebarView.h */ = {isa = PBXFileReference; fileEncoding = 4; lastKnownFileType = sourcecode.c.h; path = SidebarView.h; sourceTree = "<group>"; };
		66677C5E1ACBA6D6003A6723 /* SidebarView.m */ = {isa = PBXFileReference; fileEncoding = 4; lastKnownFileType = sourcecode.c.objc; path = SidebarView.m; sourceTree = "<group>"; };
		666E0A641AC0924C0018289C /* MMPoint.h */ = {isa = PBXFileReference; fileEncoding = 4; lastKnownFileType = sourcecode.c.h; path = MMPoint.h; sourceTree = "<group>"; };
		666E0A651AC0924D0018289C /* MMPoint.m */ = {isa = PBXFileReference; fileEncoding = 4; lastKnownFileType = sourcecode.c.objc; path = MMPoint.m; sourceTree = "<group>"; };
		668337FC1ACF1EAB00FEE908 /* LoadingDeviceView.h */ = {isa = PBXFileReference; fileEncoding = 4; lastKnownFileType = sourcecode.c.h; path = LoadingDeviceView.h; sourceTree = "<group>"; };
		668337FD1ACF1EAB00FEE908 /* LoadingDeviceView.m */ = {isa = PBXFileReference; fileEncoding = 4; lastKnownFileType = sourcecode.c.objc; path = LoadingDeviceView.m; sourceTree = "<group>"; };
		668337FF1ACF279500FEE908 /* LoadingDeviceViewDelegate.h */ = {isa = PBXFileReference; fileEncoding = 4; lastKnownFileType = sourcecode.c.h; path = LoadingDeviceViewDelegate.h; sourceTree = "<group>"; };
		669115AE1AE97C0500C4FC89 /* CustomRotationGesture.h */ = {isa = PBXFileReference; fileEncoding = 4; lastKnownFileType = sourcecode.c.h; path = CustomRotationGesture.h; sourceTree = "<group>"; };
		669115AF1AE97C0500C4FC89 /* CustomRotationGesture.m */ = {isa = PBXFileReference; fileEncoding = 4; lastKnownFileType = sourcecode.c.objc; path = CustomRotationGesture.m; sourceTree = "<group>"; };
		6695851D1ACC7BFC002C359C /* MMStickPropsView.h */ = {isa = PBXFileReference; fileEncoding = 4; lastKnownFileType = sourcecode.c.h; path = MMStickPropsView.h; sourceTree = "<group>"; };
		6695851E1ACC7BFC002C359C /* MMStickPropsView.m */ = {isa = PBXFileReference; fileEncoding = 4; lastKnownFileType = sourcecode.c.objc; path = MMStickPropsView.m; sourceTree = "<group>"; };
		66A08F031AC9DF9200C670E5 /* Constants.h */ = {isa = PBXFileReference; lastKnownFileType = sourcecode.c.h; path = Constants.h; sourceTree = "<group>"; };
		66A48FFF1AC5E91500CC21BA /* InstantPanGestureRecognizer.h */ = {isa = PBXFileReference; fileEncoding = 4; lastKnownFileType = sourcecode.c.h; path = InstantPanGestureRecognizer.h; sourceTree = "<group>"; };
		66A490001AC5E91500CC21BA /* InstantPanGestureRecognizer.m */ = {isa = PBXFileReference; fileEncoding = 4; lastKnownFileType = sourcecode.c.objc; path = InstantPanGestureRecognizer.m; sourceTree = "<group>"; };
		66D210DF1AD1D729001E733C /* PropertiesView.h */ = {isa = PBXFileReference; fileEncoding = 4; lastKnownFileType = sourcecode.c.h; path = PropertiesView.h; sourceTree = "<group>"; };
		66D210E01AD1D729001E733C /* PropertiesView.m */ = {isa = PBXFileReference; fileEncoding = 4; lastKnownFileType = sourcecode.c.objc; path = PropertiesView.m; sourceTree = "<group>"; };
		66D210E31AD1D7C2001E733C /* PropertiesViewDelegate.h */ = {isa = PBXFileReference; fileEncoding = 4; lastKnownFileType = sourcecode.c.h; path = PropertiesViewDelegate.h; sourceTree = "<group>"; };
		66DCB8C91AD22FF100538276 /* PhysicsViewDelegate.h */ = {isa = PBXFileReference; fileEncoding = 4; lastKnownFileType = sourcecode.c.h; path = PhysicsViewDelegate.h; sourceTree = "<group>"; };
		66F148E71AF801A20058D145 /* MMPhysicsObject.h */ = {isa = PBXFileReference; fileEncoding = 4; lastKnownFileType = sourcecode.c.h; path = MMPhysicsObject.h; sourceTree = "<group>"; };
		66F148E81AF801A20058D145 /* MMPhysicsObject.m */ = {isa = PBXFileReference; fileEncoding = 4; lastKnownFileType = sourcecode.c.objc; path = MMPhysicsObject.m; sourceTree = "<group>"; };
		66F148EA1AF80E890058D145 /* SidebarViewDelegate.h */ = {isa = PBXFileReference; fileEncoding = 4; lastKnownFileType = sourcecode.c.h; path = SidebarViewDelegate.h; sourceTree = "<group>"; };
		C50635A51C9BC96500545AB0 /* MMWeight.h */ = {isa = PBXFileReference; fileEncoding = 4; lastKnownFileType = sourcecode.c.h; path = MMWeight.h; sourceTree = "<group>"; };
		C50635A61C9BC96500545AB0 /* MMWeight.m */ = {isa = PBXFileReference; fileEncoding = 4; lastKnownFileType = sourcecode.c.objc; path = MMWeight.m; sourceTree = "<group>"; };
		C50635A81C9BCAE800545AB0 /* MMStick.h */ = {isa = PBXFileReference; fileEncoding = 4; lastKnownFileType = sourcecode.c.h; path = MMStick.h; sourceTree = "<group>"; };
		C50635A91C9BCAE800545AB0 /* MMStick.m */ = {isa = PBXFileReference; fileEncoding = 4; lastKnownFileType = sourcecode.c.objc; path = MMStick.m; sourceTree = "<group>"; };
/* End PBXFileReference section */

/* Begin PBXFrameworksBuildPhase section */
		66343C0D1ABF5BB500801962 /* Frameworks */ = {
			isa = PBXFrameworksBuildPhase;
			buildActionMask = 2147483647;
			files = (
			);
			runOnlyForDeploymentPostprocessing = 0;
		};
/* End PBXFrameworksBuildPhase section */

/* Begin PBXGroup section */
		66309CF31AC48EA000FACEF9 /* Points Obs */ = {
			isa = PBXGroup;
			children = (
				666E0A641AC0924C0018289C /* MMPoint.h */,
				666E0A651AC0924D0018289C /* MMPoint.m */,
				66309CF01AC48E9900FACEF9 /* MMNeuron.h */,
				66309CF11AC48E9900FACEF9 /* MMNeuron.m */,
			);
			name = "Points Obs";
			sourceTree = "<group>";
		};
		66309CF41AC48EA700FACEF9 /* Stick Objs */ = {
			isa = PBXGroup;
			children = (
				66F148E71AF801A20058D145 /* MMPhysicsObject.h */,
				66F148E81AF801A20058D145 /* MMPhysicsObject.m */,
				C50635A81C9BCAE800545AB0 /* MMStick.h */,
				C50635A91C9BCAE800545AB0 /* MMStick.m */,
				C50635A51C9BC96500545AB0 /* MMWeight.h */,
				C50635A61C9BC96500545AB0 /* MMWeight.m */,
			);
			name = "Stick Objs";
			sourceTree = "<group>";
		};
		66343C071ABF5BB500801962 = {
			isa = PBXGroup;
			children = (
				66343C121ABF5BB500801962 /* simple-nn-vis */,
				66343C111ABF5BB500801962 /* Products */,
			);
			sourceTree = "<group>";
		};
		66343C111ABF5BB500801962 /* Products */ = {
			isa = PBXGroup;
			children = (
				66343C101ABF5BB500801962 /* simple-nn-vis.app */,
			);
			name = Products;
			sourceTree = "<group>";
		};
		66343C121ABF5BB500801962 /* simple-nn-vis */ = {
			isa = PBXGroup;
			children = (
				66A08F031AC9DF9200C670E5 /* Constants.h */,
				6651B8B81ACDCEDB008B1016 /* Managers */,
				66A48FFE1AC5E90400CC21BA /* Gesture */,
				66343C3A1ABF5D1300801962 /* PhysicsView */,
				66343C391ABF5D0700801962 /* App Delegate */,
				66343C131ABF5BB500801962 /* Supporting Files */,
			);
			path = "simple-nn-vis";
			sourceTree = "<group>";
		};
		66343C131ABF5BB500801962 /* Supporting Files */ = {
			isa = PBXGroup;
			children = (
				66343C201ABF5BB500801962 /* Images.xcassets */,
				66343C141ABF5BB500801962 /* Info.plist */,
				66343C151ABF5BB500801962 /* main.m */,
			);
			name = "Supporting Files";
			sourceTree = "<group>";
		};
		66343C391ABF5D0700801962 /* App Delegate */ = {
			isa = PBXGroup;
			children = (
				66343C171ABF5BB500801962 /* AppDelegate.h */,
				66343C181ABF5BB500801962 /* AppDelegate.m */,
				66343C1A1ABF5BB500801962 /* MMPhysicsViewController.h */,
				66343C1B1ABF5BB500801962 /* MMPhysicsViewController.m */,
				66677C5D1ACBA6D6003A6723 /* SidebarView.h */,
				66677C5E1ACBA6D6003A6723 /* SidebarView.m */,
				66F148EA1AF80E890058D145 /* SidebarViewDelegate.h */,
			);
			name = "App Delegate";
			sourceTree = "<group>";
		};
		66343C3A1ABF5D1300801962 /* PhysicsView */ = {
			isa = PBXGroup;
			children = (
				66D210E21AD1D732001E733C /* Properties View */,
				66664E9E1AD06D63001D1C3D /* Renderable */,
				66343C3B1ABF5D2900801962 /* MMPhysicsView.h */,
				66343C3C1ABF5D2900801962 /* MMPhysicsView.m */,
				66DCB8C91AD22FF100538276 /* PhysicsViewDelegate.h */,
				668337FC1ACF1EAB00FEE908 /* LoadingDeviceView.h */,
				668337FD1ACF1EAB00FEE908 /* LoadingDeviceView.m */,
				668337FF1ACF279500FEE908 /* LoadingDeviceViewDelegate.h */,
				66309CF31AC48EA000FACEF9 /* Points Obs */,
				66309CF41AC48EA700FACEF9 /* Stick Objs */,
			);
			name = PhysicsView;
			sourceTree = "<group>";
		};
		6651B8B81ACDCEDB008B1016 /* Managers */ = {
			isa = PBXGroup;
			children = (
				6651B8B91ACDCEEA008B1016 /* SaveLoadManager.h */,
				6651B8BA1ACDCEEA008B1016 /* SaveLoadManager.m */,
			);
			name = Managers;
			sourceTree = "<group>";
		};
		66664E9E1AD06D63001D1C3D /* Renderable */ = {
			isa = PBXGroup;
			children = (
				66664E9F1AD06D7E001D1C3D /* Renderable.h */,
				66664EA01AD06D7E001D1C3D /* Renderable.m */,
			);
			name = Renderable;
			sourceTree = "<group>";
		};
		66A48FFE1AC5E90400CC21BA /* Gesture */ = {
			isa = PBXGroup;
			children = (
				66A48FFF1AC5E91500CC21BA /* InstantPanGestureRecognizer.h */,
				66A490001AC5E91500CC21BA /* InstantPanGestureRecognizer.m */,
				669115AE1AE97C0500C4FC89 /* CustomRotationGesture.h */,
				669115AF1AE97C0500C4FC89 /* CustomRotationGesture.m */,
			);
			name = Gesture;
			sourceTree = "<group>";
		};
		66D210E21AD1D732001E733C /* Properties View */ = {
			isa = PBXGroup;
			children = (
				66D210DF1AD1D729001E733C /* PropertiesView.h */,
				66D210E01AD1D729001E733C /* PropertiesView.m */,
				66D210E31AD1D7C2001E733C /* PropertiesViewDelegate.h */,
				66625FE31AC21E460025F441 /* MMPointPropsView.h */,
				66625FE41AC21E460025F441 /* MMPointPropsView.m */,
				6695851D1ACC7BFC002C359C /* MMStickPropsView.h */,
				6695851E1ACC7BFC002C359C /* MMStickPropsView.m */,
			);
			name = "Properties View";
			sourceTree = "<group>";
		};
/* End PBXGroup section */

/* Begin PBXNativeTarget section */
		66343C0F1ABF5BB500801962 /* simple-nn-vis */ = {
			isa = PBXNativeTarget;
			buildConfigurationList = 66343C331ABF5BB600801962 /* Build configuration list for PBXNativeTarget "simple-nn-vis" */;
			buildPhases = (
				66343C0C1ABF5BB500801962 /* Sources */,
				66343C0D1ABF5BB500801962 /* Frameworks */,
				66343C0E1ABF5BB500801962 /* Resources */,
				665CB55C1ACB2FE40045E51E /* ShellScript */,
			);
			buildRules = (
			);
			dependencies = (
			);
			name = "simple-nn-vis";
			productName = "physics-2D-Verlet";
			productReference = 66343C101ABF5BB500801962 /* simple-nn-vis.app */;
			productType = "com.apple.product-type.application";
		};
/* End PBXNativeTarget section */

/* Begin PBXProject section */
		66343C081ABF5BB500801962 /* Project object */ = {
			isa = PBXProject;
			attributes = {
				LastUpgradeCheck = 0720;
				ORGANIZATIONNAME = "Milestone made";
				TargetAttributes = {
					66343C0F1ABF5BB500801962 = {
						CreatedOnToolsVersion = 6.2;
					};
				};
			};
			buildConfigurationList = 66343C0B1ABF5BB500801962 /* Build configuration list for PBXProject "simple-nn-vis" */;
			compatibilityVersion = "Xcode 3.2";
			developmentRegion = English;
			hasScannedForEncodings = 0;
			knownRegions = (
				en,
				Base,
			);
			mainGroup = 66343C071ABF5BB500801962;
			productRefGroup = 66343C111ABF5BB500801962 /* Products */;
			projectDirPath = "";
			projectRoot = "";
			targets = (
				66343C0F1ABF5BB500801962 /* simple-nn-vis */,
			);
		};
/* End PBXProject section */

/* Begin PBXResourcesBuildPhase section */
		66343C0E1ABF5BB500801962 /* Resources */ = {
			isa = PBXResourcesBuildPhase;
			buildActionMask = 2147483647;
			files = (
				66343C211ABF5BB500801962 /* Images.xcassets in Resources */,
			);
			runOnlyForDeploymentPostprocessing = 0;
		};
/* End PBXResourcesBuildPhase section */

/* Begin PBXShellScriptBuildPhase section */
		665CB55C1ACB2FE40045E51E /* ShellScript */ = {
			isa = PBXShellScriptBuildPhase;
			buildActionMask = 2147483647;
			files = (
			);
			inputPaths = (
			);
			outputPaths = (
			);
			runOnlyForDeploymentPostprocessing = 0;
			shellPath = /bin/sh;
			shellScript = "# Update the CFBundleShortVersionString in the generated Info.plist using the most recent Git tag.\n# Idea taken from http://tinyurl.com/3usjj9d by Joachim Bondo.\n\n# Get the current release description from Git.\nGIT_RELEASE_SHORT_VERSION=`git describe --tags | awk '{split($0,a,\"-\"); print a[1]}'`\nGIT_RELEASE_VERSION=`git rev-list HEAD | wc -l | tr -d ' '`\n\necho \"built products dir/info plist\"\necho \"${BUILT_PRODUCTS_DIR}/${INFOPLIST_PATH%.*}\"\necho $GIT_RELEASE_VERSION\necho $GIT_RELEASE_SHORT_VERSION\n\n# Set the CFBundleShortVersionString in the generated Info.plist (stripping off the leading \"v\").\ndefaults write \"${BUILT_PRODUCTS_DIR}/${INFOPLIST_PATH%.*}\" \"CFBundleShortVersionString\" \"$GIT_RELEASE_SHORT_VERSION\"\ndefaults write \"${BUILT_PRODUCTS_DIR}/${INFOPLIST_PATH%.*}\" \"CFBundleVersion\" \"$GIT_RELEASE_VERSION\"\n\ntouch \"${BUILT_PRODUCTS_DIR}/${INFOPLIST_PATH%.*}.plist\"";
		};
/* End PBXShellScriptBuildPhase section */

/* Begin PBXSourcesBuildPhase section */
		66343C0C1ABF5BB500801962 /* Sources */ = {
			isa = PBXSourcesBuildPhase;
			buildActionMask = 2147483647;
			files = (
				66625FE51AC21E460025F441 /* MMPointPropsView.m in Sources */,
				66343C1C1ABF5BB500801962 /* MMPhysicsViewController.m in Sources */,
				66343C191ABF5BB500801962 /* AppDelegate.m in Sources */,
				66A490011AC5E91500CC21BA /* InstantPanGestureRecognizer.m in Sources */,
				66309CF21AC48E9900FACEF9 /* MMNeuron.m in Sources */,
				669115B01AE97C0500C4FC89 /* CustomRotationGesture.m in Sources */,
				6695851F1ACC7BFC002C359C /* MMStickPropsView.m in Sources */,
				66343C3D1ABF5D2900801962 /* MMPhysicsView.m in Sources */,
				66677C5F1ACBA6D6003A6723 /* SidebarView.m in Sources */,
				66D210E11AD1D729001E733C /* PropertiesView.m in Sources */,
				66343C161ABF5BB500801962 /* main.m in Sources */,
				C50635A71C9BC96500545AB0 /* MMWeight.m in Sources */,
				66F148E91AF801A20058D145 /* MMPhysicsObject.m in Sources */,
				6651B8BB1ACDCEEA008B1016 /* SaveLoadManager.m in Sources */,
				668337FE1ACF1EAB00FEE908 /* LoadingDeviceView.m in Sources */,
				666E0A661AC0924D0018289C /* MMPoint.m in Sources */,
				C50635AA1C9BCAE800545AB0 /* MMStick.m in Sources */,
				66664EA11AD06D7E001D1C3D /* Renderable.m in Sources */,
			);
			runOnlyForDeploymentPostprocessing = 0;
		};
/* End PBXSourcesBuildPhase section */

/* Begin XCBuildConfiguration section */
		66343C311ABF5BB600801962 /* Debug */ = {
			isa = XCBuildConfiguration;
			buildSettings = {
				ALWAYS_SEARCH_USER_PATHS = NO;
				CLANG_CXX_LANGUAGE_STANDARD = "gnu++0x";
				CLANG_CXX_LIBRARY = "libc++";
				CLANG_ENABLE_MODULES = YES;
				CLANG_ENABLE_OBJC_ARC = YES;
				CLANG_WARN_BOOL_CONVERSION = YES;
				CLANG_WARN_CONSTANT_CONVERSION = YES;
				CLANG_WARN_DIRECT_OBJC_ISA_USAGE = YES_ERROR;
				CLANG_WARN_EMPTY_BODY = YES;
				CLANG_WARN_ENUM_CONVERSION = YES;
				CLANG_WARN_INT_CONVERSION = YES;
				CLANG_WARN_OBJC_ROOT_CLASS = YES_ERROR;
				CLANG_WARN_UNREACHABLE_CODE = YES;
				CLANG_WARN__DUPLICATE_METHOD_MATCH = YES;
				"CODE_SIGN_IDENTITY[sdk=iphoneos*]" = "iPhone Developer";
				COPY_PHASE_STRIP = NO;
				ENABLE_STRICT_OBJC_MSGSEND = YES;
				ENABLE_TESTABILITY = YES;
				GCC_C_LANGUAGE_STANDARD = gnu99;
				GCC_DYNAMIC_NO_PIC = NO;
				GCC_OPTIMIZATION_LEVEL = 0;
				GCC_PREPROCESSOR_DEFINITIONS = (
					"DEBUG=1",
					"$(inherited)",
				);
				GCC_SYMBOLS_PRIVATE_EXTERN = NO;
				GCC_WARN_64_TO_32_BIT_CONVERSION = YES;
				GCC_WARN_ABOUT_RETURN_TYPE = YES_ERROR;
				GCC_WARN_UNDECLARED_SELECTOR = YES;
				GCC_WARN_UNINITIALIZED_AUTOS = YES_AGGRESSIVE;
				GCC_WARN_UNUSED_FUNCTION = YES;
				GCC_WARN_UNUSED_VARIABLE = YES;
				IPHONEOS_DEPLOYMENT_TARGET = 8.2;
				MTL_ENABLE_DEBUG_INFO = YES;
				ONLY_ACTIVE_ARCH = YES;
				SDKROOT = iphoneos;
				TARGETED_DEVICE_FAMILY = 2;
			};
			name = Debug;
		};
		66343C321ABF5BB600801962 /* Release */ = {
			isa = XCBuildConfiguration;
			buildSettings = {
				ALWAYS_SEARCH_USER_PATHS = NO;
				CLANG_CXX_LANGUAGE_STANDARD = "gnu++0x";
				CLANG_CXX_LIBRARY = "libc++";
				CLANG_ENABLE_MODULES = YES;
				CLANG_ENABLE_OBJC_ARC = YES;
				CLANG_WARN_BOOL_CONVERSION = YES;
				CLANG_WARN_CONSTANT_CONVERSION = YES;
				CLANG_WARN_DIRECT_OBJC_ISA_USAGE = YES_ERROR;
				CLANG_WARN_EMPTY_BODY = YES;
				CLANG_WARN_ENUM_CONVERSION = YES;
				CLANG_WARN_INT_CONVERSION = YES;
				CLANG_WARN_OBJC_ROOT_CLASS = YES_ERROR;
				CLANG_WARN_UNREACHABLE_CODE = YES;
				CLANG_WARN__DUPLICATE_METHOD_MATCH = YES;
				"CODE_SIGN_IDENTITY[sdk=iphoneos*]" = "iPhone Developer";
				COPY_PHASE_STRIP = NO;
				ENABLE_NS_ASSERTIONS = NO;
				ENABLE_STRICT_OBJC_MSGSEND = YES;
				GCC_C_LANGUAGE_STANDARD = gnu99;
				GCC_WARN_64_TO_32_BIT_CONVERSION = YES;
				GCC_WARN_ABOUT_RETURN_TYPE = YES_ERROR;
				GCC_WARN_UNDECLARED_SELECTOR = YES;
				GCC_WARN_UNINITIALIZED_AUTOS = YES_AGGRESSIVE;
				GCC_WARN_UNUSED_FUNCTION = YES;
				GCC_WARN_UNUSED_VARIABLE = YES;
				IPHONEOS_DEPLOYMENT_TARGET = 8.2;
				MTL_ENABLE_DEBUG_INFO = NO;
				SDKROOT = iphoneos;
				TARGETED_DEVICE_FAMILY = 2;
				VALIDATE_PRODUCT = YES;
			};
			name = Release;
		};
		66343C341ABF5BB600801962 /* Debug */ = {
			isa = XCBuildConfiguration;
			buildSettings = {
				ASSETCATALOG_COMPILER_APPICON_NAME = AppIcon;
				INFOPLIST_FILE = "simple-nn-vis/Info.plist";
				IPHONEOS_DEPLOYMENT_TARGET = 8.0;
				LD_RUNPATH_SEARCH_PATHS = "$(inherited) @executable_path/Frameworks";
				PRODUCT_BUNDLE_IDENTIFIER = "com.milestonemade.$(PRODUCT_NAME:rfc1034identifier)";
				PRODUCT_NAME = "simple-nn-vis";
			};
			name = Debug;
		};
		66343C351ABF5BB600801962 /* Release */ = {
			isa = XCBuildConfiguration;
			buildSettings = {
				ASSETCATALOG_COMPILER_APPICON_NAME = AppIcon;
				INFOPLIST_FILE = "simple-nn-vis/Info.plist";
				IPHONEOS_DEPLOYMENT_TARGET = 8.0;
				LD_RUNPATH_SEARCH_PATHS = "$(inherited) @executable_path/Frameworks";
				PRODUCT_BUNDLE_IDENTIFIER = "com.milestonemade.$(PRODUCT_NAME:rfc1034identifier)";
				PRODUCT_NAME = "simple-nn-vis";
			};
			name = Release;
		};
/* End XCBuildConfiguration section */

/* Begin XCConfigurationList section */
		66343C0B1ABF5BB500801962 /* Build configuration list for PBXProject "simple-nn-vis" */ = {
			isa = XCConfigurationList;
			buildConfigurations = (
				66343C311ABF5BB600801962 /* Debug */,
				66343C321ABF5BB600801962 /* Release */,
			);
			defaultConfigurationIsVisible = 0;
			defaultConfigurationName = Release;
		};
		66343C331ABF5BB600801962 /* Build configuration list for PBXNativeTarget "simple-nn-vis" */ = {
			isa = XCConfigurationList;
			buildConfigurations = (
				66343C341ABF5BB600801962 /* Debug */,
				66343C351ABF5BB600801962 /* Release */,
			);
			defaultConfigurationIsVisible = 0;
			defaultConfigurationName = Release;
		};
/* End XCConfigurationList section */
	};
	rootObject = 66343C081ABF5BB500801962 /* Project object */;
}
